// !$*UTF8*$!
{
	archiveVersion = 1;
	classes = {
	};
	objectVersion = 54;
	objects = {

/* Begin PBXBuildFile section */
		05642034B9444B65D43CEF2A /* SignInPromptView.swift in Sources */ = {isa = PBXBuildFile; fileRef = F9260C584F63129AF18F79EA /* SignInPromptView.swift */; };
		0BA6A6EECEE8BDD27D2F9AB4 /* SwipeView.swift in Sources */ = {isa = PBXBuildFile; fileRef = 1FC0097D4083EA6FECA627E7 /* SwipeView.swift */; };
		2B721A0DB90FB11444E14E49 /* LocationPickerView.swift in Sources */ = {isa = PBXBuildFile; fileRef = BF0FADD63C4F32A55F485636 /* LocationPickerView.swift */; };
		330F328FB34F0B9B868E8218 /* ContentView.swift in Sources */ = {isa = PBXBuildFile; fileRef = 9A5D6AD1C0FAF961018BA7C5 /* ContentView.swift */; };
		44A7CE0D23C68727A64033E6 /* NewEventView.swift in Sources */ = {isa = PBXBuildFile; fileRef = A99B608CAAC941ABFB426701 /* NewEventView.swift */; };
		48E708AD672029E599F0CFEA /* WeatherSummaryView.swift in Sources */ = {isa = PBXBuildFile; fileRef = 338412FE91967FCA56CDA4B2 /* WeatherSummaryView.swift */; };
		56E3E97CD2CCD80E009859C0 /* CalendarView.swift in Sources */ = {isa = PBXBuildFile; fileRef = C37E27D983281FBBF91DAA4B /* CalendarView.swift */; };
		5CAA8D645AE67F7BE1DAEE7F /* ProfileView.swift in Sources */ = {isa = PBXBuildFile; fileRef = 31C8451C2EAD245E8A38B3F6 /* ProfileView.swift */; };
		6E8FB7A4395DEACEE31652A0 /* AuthManager.swift in Sources */ = {isa = PBXBuildFile; fileRef = B203EF495E74B7A751A0E592 /* AuthManager.swift */; };
		8991F35FB830C33D6315B0E8 /* KeychainSession.swift in Sources */ = {isa = PBXBuildFile; fileRef = 9FEEA6E4E83F1460F4581A23 /* KeychainSession.swift */; };
		A810425834DA17BAB893E65F /* Event.swift in Sources */ = {isa = PBXBuildFile; fileRef = EDA24C6C582D3AB311CEB227 /* Event.swift */; };
		B54C73D25A1ABC5F1CA301E1 /* Assets.xcassets in Resources */ = {isa = PBXBuildFile; fileRef = 700397C71B485377CD667FEB /* Assets.xcassets */; };
		DC9DF2F1840408F78E126B61 /* PushTokenStore.swift in Sources */ = {isa = PBXBuildFile; fileRef = 728844D0DDF6D92C842146AE /* PushTokenStore.swift */; };
		EF342D719EDFE7085FF73153 /* AppDelegate.swift in Sources */ = {isa = PBXBuildFile; fileRef = 672655541EFC00DF92B943B6 /* AppDelegate.swift */; };
		FB873270DC3F7E821943C228 /* SharedCalendarApp.swift in Sources */ = {isa = PBXBuildFile; fileRef = 9907B5FDD9F5BB072AA56D2A /* SharedCalendarApp.swift */; };
		FE5AA009EA99810DA085D0AB /* APIClient.swift in Sources */ = {isa = PBXBuildFile; fileRef = 6B9A70E0AE36C2EE3ECA676B /* APIClient.swift */; };
/* End PBXBuildFile section */

/* Begin PBXFileReference section */
		1FC0097D4083EA6FECA627E7 /* SwipeView.swift */ = {isa = PBXFileReference; lastKnownFileType = sourcecode.swift; path = SwipeView.swift; sourceTree = "<group>"; };
		2A3CC29F4020D076D58FE4B4 /* SharedCalendar.app */ = {isa = PBXFileReference; includeInIndex = 0; lastKnownFileType = wrapper.application; path = SharedCalendar.app; sourceTree = BUILT_PRODUCTS_DIR; };
		31C8451C2EAD245E8A38B3F6 /* ProfileView.swift */ = {isa = PBXFileReference; lastKnownFileType = sourcecode.swift; path = ProfileView.swift; sourceTree = "<group>"; };
		338412FE91967FCA56CDA4B2 /* WeatherSummaryView.swift */ = {isa = PBXFileReference; lastKnownFileType = sourcecode.swift; path = WeatherSummaryView.swift; sourceTree = "<group>"; };
		672655541EFC00DF92B943B6 /* AppDelegate.swift */ = {isa = PBXFileReference; lastKnownFileType = sourcecode.swift; path = AppDelegate.swift; sourceTree = "<group>"; };
		6B9A70E0AE36C2EE3ECA676B /* APIClient.swift */ = {isa = PBXFileReference; lastKnownFileType = sourcecode.swift; path = APIClient.swift; sourceTree = "<group>"; };
		700397C71B485377CD667FEB /* Assets.xcassets */ = {isa = PBXFileReference; lastKnownFileType = folder.assetcatalog; path = Assets.xcassets; sourceTree = "<group>"; };
		728844D0DDF6D92C842146AE /* PushTokenStore.swift */ = {isa = PBXFileReference; lastKnownFileType = sourcecode.swift; path = PushTokenStore.swift; sourceTree = "<group>"; };
		92783EC1CEE72B6A13D18EBE /* Info.plist */ = {isa = PBXFileReference; lastKnownFileType = text.plist; path = Info.plist; sourceTree = "<group>"; };
		9907B5FDD9F5BB072AA56D2A /* SharedCalendarApp.swift */ = {isa = PBXFileReference; lastKnownFileType = sourcecode.swift; path = SharedCalendarApp.swift; sourceTree = "<group>"; };
		9A5D6AD1C0FAF961018BA7C5 /* ContentView.swift */ = {isa = PBXFileReference; lastKnownFileType = sourcecode.swift; path = ContentView.swift; sourceTree = "<group>"; };
		9FEEA6E4E83F1460F4581A23 /* KeychainSession.swift */ = {isa = PBXFileReference; lastKnownFileType = sourcecode.swift; path = KeychainSession.swift; sourceTree = "<group>"; };
		A99B608CAAC941ABFB426701 /* NewEventView.swift */ = {isa = PBXFileReference; lastKnownFileType = sourcecode.swift; path = NewEventView.swift; sourceTree = "<group>"; };
		B203EF495E74B7A751A0E592 /* AuthManager.swift */ = {isa = PBXFileReference; lastKnownFileType = sourcecode.swift; path = AuthManager.swift; sourceTree = "<group>"; };
		BBF14366458B05AAB7F3C725 /* SharedCalendar.entitlements */ = {isa = PBXFileReference; lastKnownFileType = text.plist.entitlements; path = SharedCalendar.entitlements; sourceTree = "<group>"; };
		BF0FADD63C4F32A55F485636 /* LocationPickerView.swift */ = {isa = PBXFileReference; lastKnownFileType = sourcecode.swift; path = LocationPickerView.swift; sourceTree = "<group>"; };
		C37E27D983281FBBF91DAA4B /* CalendarView.swift */ = {isa = PBXFileReference; lastKnownFileType = sourcecode.swift; path = CalendarView.swift; sourceTree = "<group>"; };
		EDA24C6C582D3AB311CEB227 /* Event.swift */ = {isa = PBXFileReference; lastKnownFileType = sourcecode.swift; path = Event.swift; sourceTree = "<group>"; };
		F9260C584F63129AF18F79EA /* SignInPromptView.swift */ = {isa = PBXFileReference; lastKnownFileType = sourcecode.swift; path = SignInPromptView.swift; sourceTree = "<group>"; };
/* End PBXFileReference section */

/* Begin PBXGroup section */
		402E4421A659D78486D06324 /* SharedCalendar */ = {
			isa = PBXGroup;
			children = (
				700397C71B485377CD667FEB /* Assets.xcassets */,
				92783EC1CEE72B6A13D18EBE /* Info.plist */,
				BBF14366458B05AAB7F3C725 /* SharedCalendar.entitlements */,
				A1C578C7D1FC9C63F58972F0 /* App */,
				DADF828AF1271E9BF91F5740 /* Models */,
				BE368672476F162625D4AF2D /* Networking */,
				483B46883D54E82FF220A784 /* Views */,
			);
			path = SharedCalendar;
			sourceTree = "<group>";
		};
		483B46883D54E82FF220A784 /* Views */ = {
			isa = PBXGroup;
			children = (
				C37E27D983281FBBF91DAA4B /* CalendarView.swift */,
				BF0FADD63C4F32A55F485636 /* LocationPickerView.swift */,
				A99B608CAAC941ABFB426701 /* NewEventView.swift */,
				31C8451C2EAD245E8A38B3F6 /* ProfileView.swift */,
				F9260C584F63129AF18F79EA /* SignInPromptView.swift */,
				1FC0097D4083EA6FECA627E7 /* SwipeView.swift */,
				338412FE91967FCA56CDA4B2 /* WeatherSummaryView.swift */,
			);
			path = Views;
			sourceTree = "<group>";
		};
		6E8767B7FAFB407C40AA7EE3 = {
			isa = PBXGroup;
			children = (
				402E4421A659D78486D06324 /* SharedCalendar */,
				D814ECCE18BD68439F82ED4F /* Products */,
			);
			sourceTree = "<group>";
		};
		A1C578C7D1FC9C63F58972F0 /* App */ = {
			isa = PBXGroup;
			children = (
				672655541EFC00DF92B943B6 /* AppDelegate.swift */,
				9A5D6AD1C0FAF961018BA7C5 /* ContentView.swift */,
				9907B5FDD9F5BB072AA56D2A /* SharedCalendarApp.swift */,
			);
			path = App;
			sourceTree = "<group>";
		};
		BE368672476F162625D4AF2D /* Networking */ = {
			isa = PBXGroup;
			children = (
				6B9A70E0AE36C2EE3ECA676B /* APIClient.swift */,
				B203EF495E74B7A751A0E592 /* AuthManager.swift */,
				9FEEA6E4E83F1460F4581A23 /* KeychainSession.swift */,
				728844D0DDF6D92C842146AE /* PushTokenStore.swift */,
			);
			path = Networking;
			sourceTree = "<group>";
		};
		D814ECCE18BD68439F82ED4F /* Products */ = {
			isa = PBXGroup;
			children = (
				2A3CC29F4020D076D58FE4B4 /* SharedCalendar.app */,
			);
			name = Products;
			sourceTree = "<group>";
		};
		DADF828AF1271E9BF91F5740 /* Models */ = {
			isa = PBXGroup;
			children = (
				EDA24C6C582D3AB311CEB227 /* Event.swift */,
			);
			path = Models;
			sourceTree = "<group>";
		};
/* End PBXGroup section */

/* Begin PBXNativeTarget section */
		665020BCBE7119EA6E1AFE32 /* SharedCalendar */ = {
			isa = PBXNativeTarget;
			buildConfigurationList = A5F521C4FDD4AC7AB4BDA9C0 /* Build configuration list for PBXNativeTarget "SharedCalendar" */;
			buildPhases = (
				96D383073F0542CFC8F7508B /* Sources */,
				30F272A08F52B4BA0F5F2137 /* Resources */,
				38A7D7681D5834D662FAA276 /* Stamp git commit into Info.plist */,
			);
			buildRules = (
			);
			dependencies = (
			);
			name = SharedCalendar;
			packageProductDependencies = (
			);
			productName = SharedCalendar;
			productReference = 2A3CC29F4020D076D58FE4B4 /* SharedCalendar.app */;
			productType = "com.apple.product-type.application";
		};
/* End PBXNativeTarget section */

/* Begin PBXProject section */
		DA5E18019ADF2816DC380A64 /* Project object */ = {
			isa = PBXProject;
			attributes = {
				BuildIndependentTargetsInParallel = YES;
				LastUpgradeCheck = 1430;
				TargetAttributes = {
					665020BCBE7119EA6E1AFE32 = {
						DevelopmentTeam = LT2EBE5TBV;
						ProvisioningStyle = Automatic;
					};
				};
			};
			buildConfigurationList = 85798806A3CA8C01E2AE6640 /* Build configuration list for PBXProject "SharedCalendar" */;
			compatibilityVersion = "Xcode 14.0";
			developmentRegion = en;
			hasScannedForEncodings = 0;
			knownRegions = (
				Base,
				en,
			);
			mainGroup = 6E8767B7FAFB407C40AA7EE3;
			minimizedProjectReferenceProxies = 1;
			preferredProjectObjectVersion = 54;
			projectDirPath = "";
			projectRoot = "";
			targets = (
				665020BCBE7119EA6E1AFE32 /* SharedCalendar */,
			);
		};
/* End PBXProject section */

/* Begin PBXResourcesBuildPhase section */
		30F272A08F52B4BA0F5F2137 /* Resources */ = {
			isa = PBXResourcesBuildPhase;
			buildActionMask = 2147483647;
			files = (
				B54C73D25A1ABC5F1CA301E1 /* Assets.xcassets in Resources */,
			);
			runOnlyForDeploymentPostprocessing = 0;
		};
/* End PBXResourcesBuildPhase section */

/* Begin PBXShellScriptBuildPhase section */
		38A7D7681D5834D662FAA276 /* Stamp git commit into Info.plist */ = {
			isa = PBXShellScriptBuildPhase;
			alwaysOutOfDate = 1;
			buildActionMask = 2147483647;
			files = (
			);
			inputFileListPaths = (
			);
			inputPaths = (
			);
			name = "Stamp git commit into Info.plist";
			outputFileListPaths = (
			);
			outputPaths = (
			);
			runOnlyForDeploymentPostprocessing = 0;
			shellPath = /bin/sh;
			shellScript = "COMMIT=$(git -C \"${SRCROOT}\" rev-parse --short HEAD 2>/dev/null || echo \"unknown\")\nCOMMIT_COUNT=$(git -C \"${SRCROOT}\" rev-list --count HEAD 2>/dev/null || echo \"0\")\nDIRTY=$(git -C \"${SRCROOT}\" status --porcelain 2>/dev/null)\nif [ -n \"$DIRTY\" ]; then COMMIT=\"${COMMIT}+\"; fi\nPLIST=\"${TARGET_BUILD_DIR}/${INFOPLIST_PATH}\"\n/usr/libexec/PlistBuddy -c \"Delete :GitCommit\" \"$PLIST\" 2>/dev/null\n/usr/libexec/PlistBuddy -c \"Add :GitCommit string $COMMIT\" \"$PLIST\"\n/usr/libexec/PlistBuddy -c \"Set :CFBundleVersion $COMMIT_COUNT\" \"$PLIST\" 2>/dev/null || \\\n  /usr/libexec/PlistBuddy -c \"Add :CFBundleVersion string $COMMIT_COUNT\" \"$PLIST\"\n";
		};
/* End PBXShellScriptBuildPhase section */

/* Begin PBXSourcesBuildPhase section */
		96D383073F0542CFC8F7508B /* Sources */ = {
			isa = PBXSourcesBuildPhase;
			buildActionMask = 2147483647;
			files = (
				FE5AA009EA99810DA085D0AB /* APIClient.swift in Sources */,
				EF342D719EDFE7085FF73153 /* AppDelegate.swift in Sources */,
				6E8FB7A4395DEACEE31652A0 /* AuthManager.swift in Sources */,
				56E3E97CD2CCD80E009859C0 /* CalendarView.swift in Sources */,
				330F328FB34F0B9B868E8218 /* ContentView.swift in Sources */,
				A810425834DA17BAB893E65F /* Event.swift in Sources */,
				8991F35FB830C33D6315B0E8 /* KeychainSession.swift in Sources */,
				2B721A0DB90FB11444E14E49 /* LocationPickerView.swift in Sources */,
				44A7CE0D23C68727A64033E6 /* NewEventView.swift in Sources */,
				5CAA8D645AE67F7BE1DAEE7F /* ProfileView.swift in Sources */,
				DC9DF2F1840408F78E126B61 /* PushTokenStore.swift in Sources */,
				FB873270DC3F7E821943C228 /* SharedCalendarApp.swift in Sources */,
				05642034B9444B65D43CEF2A /* SignInPromptView.swift in Sources */,
				0BA6A6EECEE8BDD27D2F9AB4 /* SwipeView.swift in Sources */,
				48E708AD672029E599F0CFEA /* WeatherSummaryView.swift in Sources */,
			);
			runOnlyForDeploymentPostprocessing = 0;
		};
/* End PBXSourcesBuildPhase section */

/* Begin XCBuildConfiguration section */
		53D7D02A38CE09C1FD7254AE /* Release */ = {
			isa = XCBuildConfiguration;
			buildSettings = {
				ASSETCATALOG_COMPILER_APPICON_NAME = AppIcon;
				CODE_SIGN_ENTITLEMENTS = SharedCalendar/SharedCalendar.entitlements;
				CODE_SIGN_IDENTITY = "iPhone Developer";
				CODE_SIGN_STYLE = Automatic;
				DEVELOPMENT_TEAM = LT2EBE5TBV;
				INFOPLIST_FILE = SharedCalendar/Info.plist;
				LD_RUNPATH_SEARCH_PATHS = (
					"$(inherited)",
					"@executable_path/Frameworks",
				);
				PRODUCT_BUNDLE_IDENTIFIER = cz.gabrhelovi.sharedcalendar;
				SDKROOT = iphoneos;
				SWIFT_VERSION = 5.0;
				TARGETED_DEVICE_FAMILY = 1;
			};
			name = Release;
		};
		A32DF85D5AE19D236EE90B7E /* Release */ = {
			isa = XCBuildConfiguration;
			buildSettings = {
				ALWAYS_SEARCH_USER_PATHS = NO;
				CLANG_ANALYZER_NONNULL = YES;
				CLANG_ANALYZER_NUMBER_OBJECT_CONVERSION = YES_AGGRESSIVE;
				CLANG_CXX_LANGUAGE_STANDARD = "gnu++14";
				CLANG_CXX_LIBRARY = "libc++";
				CLANG_ENABLE_MODULES = YES;
				CLANG_ENABLE_OBJC_ARC = YES;
				CLANG_ENABLE_OBJC_WEAK = YES;
				CLANG_WARN_BLOCK_CAPTURE_AUTORELEASING = YES;
				CLANG_WARN_BOOL_CONVERSION = YES;
				CLANG_WARN_COMMA = YES;
				CLANG_WARN_CONSTANT_CONVERSION = YES;
				CLANG_WARN_DEPRECATED_OBJC_IMPLEMENTATIONS = YES;
				CLANG_WARN_DIRECT_OBJC_ISA_USAGE = YES_ERROR;
				CLANG_WARN_DOCUMENTATION_COMMENTS = YES;
				CLANG_WARN_EMPTY_BODY = YES;
				CLANG_WARN_ENUM_CONVERSION = YES;
				CLANG_WARN_INFINITE_RECURSION = YES;
				CLANG_WARN_INT_CONVERSION = YES;
				CLANG_WARN_NON_LITERAL_NULL_CONVERSION = YES;
				CLANG_WARN_OBJC_IMPLICIT_RETAIN_SELF = YES;
				CLANG_WARN_OBJC_LITERAL_CONVERSION = YES;
				CLANG_WARN_OBJC_ROOT_CLASS = YES_ERROR;
				CLANG_WARN_QUOTED_INCLUDE_IN_FRAMEWORK_HEADER = YES;
				CLANG_WARN_RANGE_LOOP_ANALYSIS = YES;
				CLANG_WARN_STRICT_PROTOTYPES = YES;
				CLANG_WARN_SUSPICIOUS_MOVE = YES;
				CLANG_WARN_UNGUARDED_AVAILABILITY = YES_AGGRESSIVE;
				CLANG_WARN_UNREACHABLE_CODE = YES;
				CLANG_WARN__DUPLICATE_METHOD_MATCH = YES;
				COPY_PHASE_STRIP = NO;
				DEBUG_INFORMATION_FORMAT = "dwarf-with-dsym";
				ENABLE_NS_ASSERTIONS = NO;
				ENABLE_STRICT_OBJC_MSGSEND = YES;
				GCC_C_LANGUAGE_STANDARD = gnu11;
				GCC_NO_COMMON_BLOCKS = YES;
				GCC_WARN_64_TO_32_BIT_CONVERSION = YES;
				GCC_WARN_ABOUT_RETURN_TYPE = YES_ERROR;
				GCC_WARN_UNDECLARED_SELECTOR = YES;
				GCC_WARN_UNINITIALIZED_AUTOS = YES_AGGRESSIVE;
				GCC_WARN_UNUSED_FUNCTION = YES;
				GCC_WARN_UNUSED_VARIABLE = YES;
				IPHONEOS_DEPLOYMENT_TARGET = 17.0;
				MARKETING_VERSION = 0.1.0;
				MTL_ENABLE_DEBUG_INFO = NO;
				MTL_FAST_MATH = YES;
				PRODUCT_NAME = "$(TARGET_NAME)";
				SDKROOT = iphoneos;
				SWIFT_COMPILATION_MODE = wholemodule;
				SWIFT_OPTIMIZATION_LEVEL = "-O";
				SWIFT_VERSION = 5.0;
			};
			name = Release;
		};
		B19982109384D6FE8609163E /* Debug */ = {
			isa = XCBuildConfiguration;
			buildSettings = {
				ALWAYS_SEARCH_USER_PATHS = NO;
				CLANG_ANALYZER_NONNULL = YES;
				CLANG_ANALYZER_NUMBER_OBJECT_CONVERSION = YES_AGGRESSIVE;
				CLANG_CXX_LANGUAGE_STANDARD = "gnu++14";
				CLANG_CXX_LIBRARY = "libc++";
				CLANG_ENABLE_MODULES = YES;
				CLANG_ENABLE_OBJC_ARC = YES;
				CLANG_ENABLE_OBJC_WEAK = YES;
				CLANG_WARN_BLOCK_CAPTURE_AUTORELEASING = YES;
				CLANG_WARN_BOOL_CONVERSION = YES;
				CLANG_WARN_COMMA = YES;
				CLANG_WARN_CONSTANT_CONVERSION = YES;
				CLANG_WARN_DEPRECATED_OBJC_IMPLEMENTATIONS = YES;
				CLANG_WARN_DIRECT_OBJC_ISA_USAGE = YES_ERROR;
				CLANG_WARN_DOCUMENTATION_COMMENTS = YES;
				CLANG_WARN_EMPTY_BODY = YES;
				CLANG_WARN_ENUM_CONVERSION = YES;
				CLANG_WARN_INFINITE_RECURSION = YES;
				CLANG_WARN_INT_CONVERSION = YES;
				CLANG_WARN_NON_LITERAL_NULL_CONVERSION = YES;
				CLANG_WARN_OBJC_IMPLICIT_RETAIN_SELF = YES;
				CLANG_WARN_OBJC_LITERAL_CONVERSION = YES;
				CLANG_WARN_OBJC_ROOT_CLASS = YES_ERROR;
				CLANG_WARN_QUOTED_INCLUDE_IN_FRAMEWORK_HEADER = YES;
				CLANG_WARN_RANGE_LOOP_ANALYSIS = YES;
				CLANG_WARN_STRICT_PROTOTYPES = YES;
				CLANG_WARN_SUSPICIOUS_MOVE = YES;
				CLANG_WARN_UNGUARDED_AVAILABILITY = YES_AGGRESSIVE;
				CLANG_WARN_UNREACHABLE_CODE = YES;
				CLANG_WARN__DUPLICATE_METHOD_MATCH = YES;
				COPY_PHASE_STRIP = NO;
				DEBUG_INFORMATION_FORMAT = dwarf;
				ENABLE_STRICT_OBJC_MSGSEND = YES;
				ENABLE_TESTABILITY = YES;
				GCC_C_LANGUAGE_STANDARD = gnu11;
				GCC_DYNAMIC_NO_PIC = NO;
				GCC_NO_COMMON_BLOCKS = YES;
				GCC_OPTIMIZATION_LEVEL = 0;
				GCC_PREPROCESSOR_DEFINITIONS = (
					"$(inherited)",
					"DEBUG=1",
				);
				GCC_WARN_64_TO_32_BIT_CONVERSION = YES;
				GCC_WARN_ABOUT_RETURN_TYPE = YES_ERROR;
				GCC_WARN_UNDECLARED_SELECTOR = YES;
				GCC_WARN_UNINITIALIZED_AUTOS = YES_AGGRESSIVE;
				GCC_WARN_UNUSED_FUNCTION = YES;
				GCC_WARN_UNUSED_VARIABLE = YES;
				IPHONEOS_DEPLOYMENT_TARGET = 17.0;
				MARKETING_VERSION = 0.1.0;
				MTL_ENABLE_DEBUG_INFO = INCLUDE_SOURCE;
				MTL_FAST_MATH = YES;
				ONLY_ACTIVE_ARCH = YES;
				PRODUCT_NAME = "$(TARGET_NAME)";
				SDKROOT = iphoneos;
				SWIFT_ACTIVE_COMPILATION_CONDITIONS = DEBUG;
				SWIFT_OPTIMIZATION_LEVEL = "-Onone";
				SWIFT_VERSION = 5.0;
			};
			name = Debug;
		};
		E4D16083B6DAEA781EA87DBE /* Debug */ = {
			isa = XCBuildConfiguration;
			buildSettings = {
				ASSETCATALOG_COMPILER_APPICON_NAME = AppIcon;
				CODE_SIGN_ENTITLEMENTS = SharedCalendar/SharedCalendar.entitlements;
				CODE_SIGN_IDENTITY = "iPhone Developer";
				CODE_SIGN_STYLE = Automatic;
				DEVELOPMENT_TEAM = LT2EBE5TBV;
				INFOPLIST_FILE = SharedCalendar/Info.plist;
				LD_RUNPATH_SEARCH_PATHS = (
					"$(inherited)",
					"@executable_path/Frameworks",
				);
				PRODUCT_BUNDLE_IDENTIFIER = cz.gabrhelovi.sharedcalendar;
				SDKROOT = iphoneos;
				SWIFT_VERSION = 5.0;
				TARGETED_DEVICE_FAMILY = 1;
			};
			name = Debug;
		};
/* End XCBuildConfiguration section */

/* Begin XCConfigurationList section */
		85798806A3CA8C01E2AE6640 /* Build configuration list for PBXProject "SharedCalendar" */ = {
			isa = XCConfigurationList;
			buildConfigurations = (
				B19982109384D6FE8609163E /* Debug */,
				A32DF85D5AE19D236EE90B7E /* Release */,
			);
			defaultConfigurationIsVisible = 0;
			defaultConfigurationName = Debug;
		};
		A5F521C4FDD4AC7AB4BDA9C0 /* Build configuration list for PBXNativeTarget "SharedCalendar" */ = {
			isa = XCConfigurationList;
			buildConfigurations = (
				E4D16083B6DAEA781EA87DBE /* Debug */,
				53D7D02A38CE09C1FD7254AE /* Release */,
			);
			defaultConfigurationIsVisible = 0;
			defaultConfigurationName = Debug;
		};
/* End XCConfigurationList section */
	};
	rootObject = DA5E18019ADF2816DC380A64 /* Project object */;
}
